
Microsoft Visual Studio Solution File, Format Version 12.00
# Visual Studio Version 16
VisualStudioVersion = 16.0.29920.165
MinimumVisualStudioVersion = 10.0.40219.1
Project("{9A19103F-16F7-4668-BE54-9A1E7A4F7556}") = "CorporateArchitecture.Bll", "CorporateArchitecture.Bll\CorporateArchitecture.Bll.csproj", "{37E67B6C-5CEF-44E6-9F63-07E568E39E5B}"
EndProject
Project("{9A19103F-16F7-4668-BE54-9A1E7A4F7556}") = "Core", "Core\Core.csproj", "{D90969DF-3C4F-4A93-94CE-DCFBEC133307}"
EndProject
Project("{9A19103F-16F7-4668-BE54-9A1E7A4F7556}") = "CorporateArchitecture.Entity", "CorporateArchitecture.Entity\CorporateArchitecture.Entity.csproj", "{5D033578-ACDC-497F-B224-DDA60F80C8A4}"
EndProject
Project("{9A19103F-16F7-4668-BE54-9A1E7A4F7556}") = "CorporateArchitecture.Dal", "CorporateArchitecture.Dal\CorporateArchitecture.Dal.csproj", "{EFCE1DE1-3A1E-4F00-B88F-5CB00C2DDC5F}"
EndProject
Project("{9A19103F-16F7-4668-BE54-9A1E7A4F7556}") = "CorporateArchitecture.WebUI", "CorporateArchitecture.WebUI\CorporateArchitecture.WebUI.csproj", "{1DCD38F7-1DA4-4D97-952E-D90F2960C9B1}"
EndProject
Global
	GlobalSection(SolutionConfigurationPlatforms) = preSolution
		Debug|Any CPU = Debug|Any CPU
		Release|Any CPU = Release|Any CPU
	EndGlobalSection
	GlobalSection(ProjectConfigurationPlatforms) = postSolution
		{37E67B6C-5CEF-44E6-9F63-07E568E39E5B}.Debug|Any CPU.ActiveCfg = Debug|Any CPU
		{37E67B6C-5CEF-44E6-9F63-07E568E39E5B}.Debug|Any CPU.Build.0 = Debug|Any CPU
		{37E67B6C-5CEF-44E6-9F63-07E568E39E5B}.Release|Any CPU.ActiveCfg = Release|Any CPU
		{37E67B6C-5CEF-44E6-9F63-07E568E39E5B}.Release|Any CPU.Build.0 = Release|Any CPU
		{D90969DF-3C4F-4A93-94CE-DCFBEC133307}.Debug|Any CPU.ActiveCfg = Debug|Any CPU
		{D90969DF-3C4F-4A93-94CE-DCFBEC133307}.Debug|Any CPU.Build.0 = Debug|Any CPU
		{D90969DF-3C4F-4A93-94CE-DCFBEC133307}.Release|Any CPU.ActiveCfg = Release|Any CPU
		{D90969DF-3C4F-4A93-94CE-DCFBEC133307}.Release|Any CPU.Build.0 = Release|Any CPU
		{5D033578-ACDC-497F-B224-DDA60F80C8A4}.Debug|Any CPU.ActiveCfg = Debug|Any CPU
		{5D033578-ACDC-497F-B224-DDA60F80C8A4}.Debug|Any CPU.Build.0 = Debug|Any CPU
		{5D033578-ACDC-497F-B224-DDA60F80C8A4}.Release|Any CPU.ActiveCfg = Release|Any CPU
		{5D033578-ACDC-497F-B224-DDA60F80C8A4}.Release|Any CPU.Build.0 = Release|Any CPU
		{EFCE1DE1-3A1E-4F00-B88F-5CB00C2DDC5F}.Debug|Any CPU.ActiveCfg = Debug|Any CPU
		{EFCE1DE1-3A1E-4F00-B88F-5CB00C2DDC5F}.Debug|Any CPU.Build.0 = Debug|Any CPU
		{EFCE1DE1-3A1E-4F00-B88F-5CB00C2DDC5F}.Release|Any CPU.ActiveCfg = Release|Any CPU
		{EFCE1DE1-3A1E-4F00-B88F-5CB00C2DDC5F}.Release|Any CPU.Build.0 = Release|Any CPU
		{1DCD38F7-1DA4-4D97-952E-D90F2960C9B1}.Debug|Any CPU.ActiveCfg = Debug|Any CPU
		{1DCD38F7-1DA4-4D97-952E-D90F2960C9B1}.Debug|Any CPU.Build.0 = Debug|Any CPU
		{1DCD38F7-1DA4-4D97-952E-D90F2960C9B1}.Release|Any CPU.ActiveCfg = Release|Any CPU
		{1DCD38F7-1DA4-4D97-952E-D90F2960C9B1}.Release|Any CPU.Build.0 = Release|Any CPU
	EndGlobalSection
	GlobalSection(SolutionProperties) = preSolution
		HideSolutionNode = FALSE
	EndGlobalSection
	GlobalSection(ExtensibilityGlobals) = postSolution
		SolutionGuid = {8936B4D5-D1CA-4E47-B2D7-ED0F58618D24}
	EndGlobalSection
EndGlobal
